// !$*UTF8*$!
{
	archiveVersion = 1;
	classes = {
	};
	objectVersion = 48;
	objects = {

/* Begin PBXBuildFile section */
		D55728F31FD5F923008809F8 /* NavigationController.swift in Sources */ = {isa = PBXBuildFile; fileRef = D55728F21FD5F923008809F8 /* NavigationController.swift */; };
		D55728F51FD5F982008809F8 /* Themes.swift in Sources */ = {isa = PBXBuildFile; fileRef = D55728F41FD5F982008809F8 /* Themes.swift */; };
		D55728F81FD5F9C5008809F8 /* String+UIColor.swift in Sources */ = {isa = PBXBuildFile; fileRef = D55728F71FD5F9C5008809F8 /* String+UIColor.swift */; };
		D55728FE1FD5FC76008809F8 /* RootFlowController.swift in Sources */ = {isa = PBXBuildFile; fileRef = D55728FD1FD5FC76008809F8 /* RootFlowController.swift */; };
		D55729001FD5FE33008809F8 /* Reusable.swift in Sources */ = {isa = PBXBuildFile; fileRef = D55728FF1FD5FE33008809F8 /* Reusable.swift */; };
		D55729031FD5FFFD008809F8 /* ImageCell.swift in Sources */ = {isa = PBXBuildFile; fileRef = D55729021FD5FFFD008809F8 /* ImageCell.swift */; };
		D55729071FD60504008809F8 /* ImageLoader.swift in Sources */ = {isa = PBXBuildFile; fileRef = D55729061FD60504008809F8 /* ImageLoader.swift */; };
		D55729091FD608E6008809F8 /* NetworkController.swift in Sources */ = {isa = PBXBuildFile; fileRef = D55729081FD608E6008809F8 /* NetworkController.swift */; };
		D55729131FD6134F008809F8 /* CCCore.h in Headers */ = {isa = PBXBuildFile; fileRef = D55729111FD6134F008809F8 /* CCCore.h */; settings = {ATTRIBUTES = (Public, ); }; };
		D55729161FD6134F008809F8 /* CCCore.framework in Frameworks */ = {isa = PBXBuildFile; fileRef = D557290F1FD6134E008809F8 /* CCCore.framework */; };
		D55729171FD6134F008809F8 /* CCCore.framework in Embed Frameworks */ = {isa = PBXBuildFile; fileRef = D557290F1FD6134E008809F8 /* CCCore.framework */; settings = {ATTRIBUTES = (CodeSignOnCopy, RemoveHeadersOnCopy, ); }; };
		D57CD2CA1FD597FC0094C65C /* AppDelegate.swift in Sources */ = {isa = PBXBuildFile; fileRef = D57CD2C91FD597FC0094C65C /* AppDelegate.swift */; };
		D57CD2CC1FD597FC0094C65C /* ViewController.swift in Sources */ = {isa = PBXBuildFile; fileRef = D57CD2CB1FD597FC0094C65C /* ViewController.swift */; };
		D57CD2D11FD597FC0094C65C /* Assets.xcassets in Resources */ = {isa = PBXBuildFile; fileRef = D57CD2D01FD597FC0094C65C /* Assets.xcassets */; };
		D57CD2D41FD597FC0094C65C /* LaunchScreen.storyboard in Resources */ = {isa = PBXBuildFile; fileRef = D57CD2D21FD597FC0094C65C /* LaunchScreen.storyboard */; };
/* End PBXBuildFile section */

/* Begin PBXContainerItemProxy section */
		D55729141FD6134F008809F8 /* PBXContainerItemProxy */ = {
			isa = PBXContainerItemProxy;
			containerPortal = D57CD2BE1FD597FC0094C65C /* Project object */;
			proxyType = 1;
			remoteGlobalIDString = D557290E1FD6134E008809F8;
			remoteInfo = CCCore;
		};
/* End PBXContainerItemProxy section */

/* Begin PBXCopyFilesBuildPhase section */
		D557291B1FD6134F008809F8 /* Embed Frameworks */ = {
			isa = PBXCopyFilesBuildPhase;
			buildActionMask = 2147483647;
			dstPath = "";
			dstSubfolderSpec = 10;
			files = (
				D55729171FD6134F008809F8 /* CCCore.framework in Embed Frameworks */,
			);
			name = "Embed Frameworks";
			runOnlyForDeploymentPostprocessing = 0;
		};
/* End PBXCopyFilesBuildPhase section */

/* Begin PBXFileReference section */
		D55728F21FD5F923008809F8 /* NavigationController.swift */ = {isa = PBXFileReference; lastKnownFileType = sourcecode.swift; path = NavigationController.swift; sourceTree = "<group>"; };
		D55728F41FD5F982008809F8 /* Themes.swift */ = {isa = PBXFileReference; lastKnownFileType = sourcecode.swift; path = Themes.swift; sourceTree = "<group>"; };
		D55728F71FD5F9C5008809F8 /* String+UIColor.swift */ = {isa = PBXFileReference; lastKnownFileType = sourcecode.swift; path = "String+UIColor.swift"; sourceTree = "<group>"; };
		D55728FD1FD5FC76008809F8 /* RootFlowController.swift */ = {isa = PBXFileReference; lastKnownFileType = sourcecode.swift; path = RootFlowController.swift; sourceTree = "<group>"; };
		D55728FF1FD5FE33008809F8 /* Reusable.swift */ = {isa = PBXFileReference; lastKnownFileType = sourcecode.swift; path = Reusable.swift; sourceTree = "<group>"; };
		D55729021FD5FFFD008809F8 /* ImageCell.swift */ = {isa = PBXFileReference; lastKnownFileType = sourcecode.swift; path = ImageCell.swift; sourceTree = "<group>"; };
		D55729061FD60504008809F8 /* ImageLoader.swift */ = {isa = PBXFileReference; lastKnownFileType = sourcecode.swift; path = ImageLoader.swift; sourceTree = "<group>"; };
		D55729081FD608E6008809F8 /* NetworkController.swift */ = {isa = PBXFileReference; lastKnownFileType = sourcecode.swift; path = NetworkController.swift; sourceTree = "<group>"; };
		D557290F1FD6134E008809F8 /* CCCore.framework */ = {isa = PBXFileReference; explicitFileType = wrapper.framework; includeInIndex = 0; path = CCCore.framework; sourceTree = BUILT_PRODUCTS_DIR; };
		D55729111FD6134F008809F8 /* CCCore.h */ = {isa = PBXFileReference; lastKnownFileType = sourcecode.c.h; path = CCCore.h; sourceTree = "<group>"; };
		D55729121FD6134F008809F8 /* Info.plist */ = {isa = PBXFileReference; lastKnownFileType = text.plist.xml; path = Info.plist; sourceTree = "<group>"; };
		D57CD2C61FD597FC0094C65C /* CodeChallenge.app */ = {isa = PBXFileReference; explicitFileType = wrapper.application; includeInIndex = 0; path = CodeChallenge.app; sourceTree = BUILT_PRODUCTS_DIR; };
		D57CD2C91FD597FC0094C65C /* AppDelegate.swift */ = {isa = PBXFileReference; lastKnownFileType = sourcecode.swift; path = AppDelegate.swift; sourceTree = "<group>"; };
		D57CD2CB1FD597FC0094C65C /* ViewController.swift */ = {isa = PBXFileReference; lastKnownFileType = sourcecode.swift; path = ViewController.swift; sourceTree = "<group>"; };
		D57CD2D01FD597FC0094C65C /* Assets.xcassets */ = {isa = PBXFileReference; lastKnownFileType = folder.assetcatalog; path = Assets.xcassets; sourceTree = "<group>"; };
		D57CD2D31FD597FC0094C65C /* Base */ = {isa = PBXFileReference; lastKnownFileType = file.storyboard; name = Base; path = Base.lproj/LaunchScreen.storyboard; sourceTree = "<group>"; };
		D57CD2D51FD597FC0094C65C /* Info.plist */ = {isa = PBXFileReference; lastKnownFileType = text.plist.xml; path = Info.plist; sourceTree = "<group>"; };
/* End PBXFileReference section */

/* Begin PBXFrameworksBuildPhase section */
		D557290B1FD6134E008809F8 /* Frameworks */ = {
			isa = PBXFrameworksBuildPhase;
			buildActionMask = 2147483647;
			files = (
			);
			runOnlyForDeploymentPostprocessing = 0;
		};
		D57CD2C31FD597FC0094C65C /* Frameworks */ = {
			isa = PBXFrameworksBuildPhase;
			buildActionMask = 2147483647;
			files = (
				D55729161FD6134F008809F8 /* CCCore.framework in Frameworks */,
			);
			runOnlyForDeploymentPostprocessing = 0;
		};
/* End PBXFrameworksBuildPhase section */

/* Begin PBXGroup section */
		D55728F01FD5F90D008809F8 /* View Controllers */ = {
			isa = PBXGroup;
			children = (
				D57CD2CB1FD597FC0094C65C /* ViewController.swift */,
			);
			path = "View Controllers";
			sourceTree = "<group>";
		};
		D55728F11FD5F914008809F8 /* Controllers */ = {
			isa = PBXGroup;
			children = (
				D55728F21FD5F923008809F8 /* NavigationController.swift */,
				D55729081FD608E6008809F8 /* NetworkController.swift */,
				D55728F41FD5F982008809F8 /* Themes.swift */,
				D55728FF1FD5FE33008809F8 /* Reusable.swift */,
				D55729061FD60504008809F8 /* ImageLoader.swift */,
			);
			path = Controllers;
			sourceTree = "<group>";
		};
		D55728F61FD5F9BC008809F8 /* Extensions */ = {
			isa = PBXGroup;
			children = (
				D55728F71FD5F9C5008809F8 /* String+UIColor.swift */,
			);
			path = Extensions;
			sourceTree = "<group>";
		};
		D55728FC1FD5FC68008809F8 /* Flow Controllers */ = {
			isa = PBXGroup;
			children = (
				D55728FD1FD5FC76008809F8 /* RootFlowController.swift */,
			);
			path = "Flow Controllers";
			sourceTree = "<group>";
		};
		D55729011FD5FFDC008809F8 /* Views */ = {
			isa = PBXGroup;
			children = (
				D55729021FD5FFFD008809F8 /* ImageCell.swift */,
			);
			path = Views;
			sourceTree = "<group>";
		};
		D55729101FD6134E008809F8 /* CCCore */ = {
			isa = PBXGroup;
			children = (
				D55729111FD6134F008809F8 /* CCCore.h */,
				D55729121FD6134F008809F8 /* Info.plist */,
			);
			path = CCCore;
			sourceTree = "<group>";
		};
		D57CD2BD1FD597FC0094C65C = {
			isa = PBXGroup;
			children = (
				D57CD2C81FD597FC0094C65C /* CodeChallenge */,
				D55729101FD6134E008809F8 /* CCCore */,
				D57CD2C71FD597FC0094C65C /* Products */,
			);
			sourceTree = "<group>";
		};
		D57CD2C71FD597FC0094C65C /* Products */ = {
			isa = PBXGroup;
			children = (
				D57CD2C61FD597FC0094C65C /* CodeChallenge.app */,
				D557290F1FD6134E008809F8 /* CCCore.framework */,
			);
			name = Products;
			sourceTree = "<group>";
		};
		D57CD2C81FD597FC0094C65C /* CodeChallenge */ = {
			isa = PBXGroup;
			children = (
				D55729011FD5FFDC008809F8 /* Views */,
				D55728FC1FD5FC68008809F8 /* Flow Controllers */,
				D55728F61FD5F9BC008809F8 /* Extensions */,
				D55728F11FD5F914008809F8 /* Controllers */,
				D57CD2C91FD597FC0094C65C /* AppDelegate.swift */,
				D55728F01FD5F90D008809F8 /* View Controllers */,
				D57CD2D01FD597FC0094C65C /* Assets.xcassets */,
				D57CD2D21FD597FC0094C65C /* LaunchScreen.storyboard */,
				D57CD2D51FD597FC0094C65C /* Info.plist */,
			);
			path = CodeChallenge;
			sourceTree = "<group>";
		};
/* End PBXGroup section */

/* Begin PBXHeadersBuildPhase section */
		D557290C1FD6134E008809F8 /* Headers */ = {
			isa = PBXHeadersBuildPhase;
			buildActionMask = 2147483647;
			files = (
				D55729131FD6134F008809F8 /* CCCore.h in Headers */,
			);
			runOnlyForDeploymentPostprocessing = 0;
		};
/* End PBXHeadersBuildPhase section */

/* Begin PBXNativeTarget section */
		D557290E1FD6134E008809F8 /* CCCore */ = {
			isa = PBXNativeTarget;
			buildConfigurationList = D55729181FD6134F008809F8 /* Build configuration list for PBXNativeTarget "CCCore" */;
			buildPhases = (
				D557290A1FD6134E008809F8 /* Sources */,
				D557290B1FD6134E008809F8 /* Frameworks */,
				D557290C1FD6134E008809F8 /* Headers */,
				D557290D1FD6134E008809F8 /* Resources */,
			);
			buildRules = (
			);
			dependencies = (
			);
			name = CCCore;
			productName = CCCore;
			productReference = D557290F1FD6134E008809F8 /* CCCore.framework */;
			productType = "com.apple.product-type.framework";
		};
		D57CD2C51FD597FC0094C65C /* CodeChallenge */ = {
			isa = PBXNativeTarget;
			buildConfigurationList = D57CD2D81FD597FC0094C65C /* Build configuration list for PBXNativeTarget "CodeChallenge" */;
			buildPhases = (
				D57CD2C21FD597FC0094C65C /* Sources */,
				D57CD2C31FD597FC0094C65C /* Frameworks */,
				D57CD2C41FD597FC0094C65C /* Resources */,
				D557291B1FD6134F008809F8 /* Embed Frameworks */,
			);
			buildRules = (
			);
			dependencies = (
				D55729151FD6134F008809F8 /* PBXTargetDependency */,
			);
			name = CodeChallenge;
			productName = CodeChallenge;
			productReference = D57CD2C61FD597FC0094C65C /* CodeChallenge.app */;
			productType = "com.apple.product-type.application";
		};
/* End PBXNativeTarget section */

/* Begin PBXProject section */
		D57CD2BE1FD597FC0094C65C /* Project object */ = {
			isa = PBXProject;
			attributes = {
				LastSwiftUpdateCheck = 0910;
				LastUpgradeCheck = 0910;
				ORGANIZATIONNAME = "dm Apps";
				TargetAttributes = {
					D557290E1FD6134E008809F8 = {
						CreatedOnToolsVersion = 9.1;
						LastSwiftMigration = 0910;
						ProvisioningStyle = Automatic;
					};
					D57CD2C51FD597FC0094C65C = {
						CreatedOnToolsVersion = 9.1;
						ProvisioningStyle = Automatic;
					};
				};
			};
			buildConfigurationList = D57CD2C11FD597FC0094C65C /* Build configuration list for PBXProject "CodeChallenge" */;
			compatibilityVersion = "Xcode 8.0";
			developmentRegion = en;
			hasScannedForEncodings = 0;
			knownRegions = (
				en,
				Base,
			);
			mainGroup = D57CD2BD1FD597FC0094C65C;
			productRefGroup = D57CD2C71FD597FC0094C65C /* Products */;
			projectDirPath = "";
			projectRoot = "";
			targets = (
				D57CD2C51FD597FC0094C65C /* CodeChallenge */,
				D557290E1FD6134E008809F8 /* CCCore */,
			);
		};
/* End PBXProject section */

/* Begin PBXResourcesBuildPhase section */
		D557290D1FD6134E008809F8 /* Resources */ = {
			isa = PBXResourcesBuildPhase;
			buildActionMask = 2147483647;
			files = (
			);
			runOnlyForDeploymentPostprocessing = 0;
		};
		D57CD2C41FD597FC0094C65C /* Resources */ = {
			isa = PBXResourcesBuildPhase;
			buildActionMask = 2147483647;
			files = (
				D57CD2D41FD597FC0094C65C /* LaunchScreen.storyboard in Resources */,
				D57CD2D11FD597FC0094C65C /* Assets.xcassets in Resources */,
			);
			runOnlyForDeploymentPostprocessing = 0;
		};
/* End PBXResourcesBuildPhase section */

/* Begin PBXSourcesBuildPhase section */
		D557290A1FD6134E008809F8 /* Sources */ = {
			isa = PBXSourcesBuildPhase;
			buildActionMask = 2147483647;
			files = (
			);
			runOnlyForDeploymentPostprocessing = 0;
		};
		D57CD2C21FD597FC0094C65C /* Sources */ = {
			isa = PBXSourcesBuildPhase;
			buildActionMask = 2147483647;
			files = (
				D55729091FD608E6008809F8 /* NetworkController.swift in Sources */,
				D57CD2CC1FD597FC0094C65C /* ViewController.swift in Sources */,
				D55728F51FD5F982008809F8 /* Themes.swift in Sources */,
				D55729071FD60504008809F8 /* ImageLoader.swift in Sources */,
				D55728F81FD5F9C5008809F8 /* String+UIColor.swift in Sources */,
				D55728F31FD5F923008809F8 /* NavigationController.swift in Sources */,
				D57CD2CA1FD597FC0094C65C /* AppDelegate.swift in Sources */,
				D55729031FD5FFFD008809F8 /* ImageCell.swift in Sources */,
				D55728FE1FD5FC76008809F8 /* RootFlowController.swift in Sources */,
				D55729001FD5FE33008809F8 /* Reusable.swift in Sources */,
			);
			runOnlyForDeploymentPostprocessing = 0;
		};
/* End PBXSourcesBuildPhase section */

/* Begin PBXTargetDependency section */
		D55729151FD6134F008809F8 /* PBXTargetDependency */ = {
			isa = PBXTargetDependency;
			target = D557290E1FD6134E008809F8 /* CCCore */;
			targetProxy = D55729141FD6134F008809F8 /* PBXContainerItemProxy */;
		};
/* End PBXTargetDependency section */

/* Begin PBXVariantGroup section */
		D57CD2D21FD597FC0094C65C /* LaunchScreen.storyboard */ = {
			isa = PBXVariantGroup;
			children = (
				D57CD2D31FD597FC0094C65C /* Base */,
			);
			name = LaunchScreen.storyboard;
			sourceTree = "<group>";
		};
/* End PBXVariantGroup section */

/* Begin XCBuildConfiguration section */
		D55729191FD6134F008809F8 /* Debug */ = {
			isa = XCBuildConfiguration;
			buildSettings = {
				CLANG_ENABLE_MODULES = YES;
				CODE_SIGN_IDENTITY = "";
				CODE_SIGN_STYLE = Automatic;
				CURRENT_PROJECT_VERSION = 1;
				DEFINES_MODULE = YES;
				DEVELOPMENT_TEAM = YBUVL7AX3C;
				DYLIB_COMPATIBILITY_VERSION = 1;
				DYLIB_CURRENT_VERSION = 1;
				DYLIB_INSTALL_NAME_BASE = "@rpath";
				INFOPLIST_FILE = CCCore/Info.plist;
				INSTALL_PATH = "$(LOCAL_LIBRARY_DIR)/Frameworks";
				LD_RUNPATH_SEARCH_PATHS = "$(inherited) @executable_path/Frameworks @loader_path/Frameworks";
				PRODUCT_BUNDLE_IDENTIFIER = com.dm.research.CCCore;
				PRODUCT_NAME = "$(TARGET_NAME:c99extidentifier)";
				SKIP_INSTALL = YES;
				SWIFT_OPTIMIZATION_LEVEL = "-Onone";
				SWIFT_VERSION = 4.0;
				TARGETED_DEVICE_FAMILY = "1,2";
				VERSIONING_SYSTEM = "apple-generic";
				VERSION_INFO_PREFIX = "";
			};
			name = Debug;
		};
		D557291A1FD6134F008809F8 /* Release */ = {
			isa = XCBuildConfiguration;
			buildSettings = {
				CLANG_ENABLE_MODULES = YES;
				CODE_SIGN_IDENTITY = "";
				CODE_SIGN_STYLE = Automatic;
				CURRENT_PROJECT_VERSION = 1;
				DEFINES_MODULE = YES;
				DEVELOPMENT_TEAM = YBUVL7AX3C;
				DYLIB_COMPATIBILITY_VERSION = 1;
				DYLIB_CURRENT_VERSION = 1;
				DYLIB_INSTALL_NAME_BASE = "@rpath";
				INFOPLIST_FILE = CCCore/Info.plist;
				INSTALL_PATH = "$(LOCAL_LIBRARY_DIR)/Frameworks";
				LD_RUNPATH_SEARCH_PATHS = "$(inherited) @executable_path/Frameworks @loader_path/Frameworks";
				PRODUCT_BUNDLE_IDENTIFIER = com.dm.research.CCCore;
				PRODUCT_NAME = "$(TARGET_NAME:c99extidentifier)";
				SKIP_INSTALL = YES;
				SWIFT_VERSION = 4.0;
				TARGETED_DEVICE_FAMILY = "1,2";
				VERSIONING_SYSTEM = "apple-generic";
				VERSION_INFO_PREFIX = "";
			};
			name = Release;
		};
		D57CD2D61FD597FC0094C65C /* Debug */ = {
			isa = XCBuildConfiguration;
			buildSettings = {
				ALWAYS_SEARCH_USER_PATHS = NO;
				CLANG_ANALYZER_NONNULL = YES;
				CLANG_ANALYZER_NUMBER_OBJECT_CONVERSION = YES_AGGRESSIVE;
				CLANG_CXX_LANGUAGE_STANDARD = "gnu++14";
				CLANG_CXX_LIBRARY = "libc++";
				CLANG_ENABLE_MODULES = YES;
				CLANG_ENABLE_OBJC_ARC = YES;
				CLANG_WARN_BLOCK_CAPTURE_AUTORELEASING = YES;
				CLANG_WARN_BOOL_CONVERSION = YES;
				CLANG_WARN_COMMA = YES;
				CLANG_WARN_CONSTANT_CONVERSION = YES;
				CLANG_WARN_DIRECT_OBJC_ISA_USAGE = YES_ERROR;
				CLANG_WARN_DOCUMENTATION_COMMENTS = YES;
				CLANG_WARN_EMPTY_BODY = YES;
				CLANG_WARN_ENUM_CONVERSION = YES;
				CLANG_WARN_INFINITE_RECURSION = YES;
				CLANG_WARN_INT_CONVERSION = YES;
				CLANG_WARN_NON_LITERAL_NULL_CONVERSION = YES;
				CLANG_WARN_OBJC_LITERAL_CONVERSION = YES;
				CLANG_WARN_OBJC_ROOT_CLASS = YES_ERROR;
				CLANG_WARN_RANGE_LOOP_ANALYSIS = YES;
				CLANG_WARN_STRICT_PROTOTYPES = YES;
				CLANG_WARN_SUSPICIOUS_MOVE = YES;
				CLANG_WARN_UNGUARDED_AVAILABILITY = YES_AGGRESSIVE;
				CLANG_WARN_UNREACHABLE_CODE = YES;
				CLANG_WARN__DUPLICATE_METHOD_MATCH = YES;
				CODE_SIGN_IDENTITY = "iPhone Developer";
				COPY_PHASE_STRIP = NO;
				DEBUG_INFORMATION_FORMAT = dwarf;
				ENABLE_STRICT_OBJC_MSGSEND = YES;
				ENABLE_TESTABILITY = YES;
				GCC_C_LANGUAGE_STANDARD = gnu11;
				GCC_DYNAMIC_NO_PIC = NO;
				GCC_NO_COMMON_BLOCKS = YES;
				GCC_OPTIMIZATION_LEVEL = 0;
				GCC_PREPROCESSOR_DEFINITIONS = (
					"DEBUG=1",
					"$(inherited)",
				);
				GCC_WARN_64_TO_32_BIT_CONVERSION = YES;
				GCC_WARN_ABOUT_RETURN_TYPE = YES_ERROR;
				GCC_WARN_UNDECLARED_SELECTOR = YES;
				GCC_WARN_UNINITIALIZED_AUTOS = YES_AGGRESSIVE;
				GCC_WARN_UNUSED_FUNCTION = YES;
				GCC_WARN_UNUSED_VARIABLE = YES;
				IPHONEOS_DEPLOYMENT_TARGET = 11.1;
				MTL_ENABLE_DEBUG_INFO = YES;
				ONLY_ACTIVE_ARCH = YES;
				SDKROOT = iphoneos;
				SWIFT_ACTIVE_COMPILATION_CONDITIONS = DEBUG;
				SWIFT_OPTIMIZATION_LEVEL = "-Onone";
			};
			name = Debug;
		};
		D57CD2D71FD597FC0094C65C /* Release */ = {
			isa = XCBuildConfiguration;
			buildSettings = {
				ALWAYS_SEARCH_USER_PATHS = NO;
				CLANG_ANALYZER_NONNULL = YES;
				CLANG_ANALYZER_NUMBER_OBJECT_CONVERSION = YES_AGGRESSIVE;
				CLANG_CXX_LANGUAGE_STANDARD = "gnu++14";
				CLANG_CXX_LIBRARY = "libc++";
				CLANG_ENABLE_MODULES = YES;
				CLANG_ENABLE_OBJC_ARC = YES;
				CLANG_WARN_BLOCK_CAPTURE_AUTORELEASING = YES;
				CLANG_WARN_BOOL_CONVERSION = YES;
				CLANG_WARN_COMMA = YES;
				CLANG_WARN_CONSTANT_CONVERSION = YES;
				CLANG_WARN_DIRECT_OBJC_ISA_USAGE = YES_ERROR;
				CLANG_WARN_DOCUMENTATION_COMMENTS = YES;
				CLANG_WARN_EMPTY_BODY = YES;
				CLANG_WARN_ENUM_CONVERSION = YES;
				CLANG_WARN_INFINITE_RECURSION = YES;
				CLANG_WARN_INT_CONVERSION = YES;
				CLANG_WARN_NON_LITERAL_NULL_CONVERSION = YES;
				CLANG_WARN_OBJC_LITERAL_CONVERSION = YES;
				CLANG_WARN_OBJC_ROOT_CLASS = YES_ERROR;
				CLANG_WARN_RANGE_LOOP_ANALYSIS = YES;
				CLANG_WARN_STRICT_PROTOTYPES = YES;
				CLANG_WARN_SUSPICIOUS_MOVE = YES;
				CLANG_WARN_UNGUARDED_AVAILABILITY = YES_AGGRESSIVE;
				CLANG_WARN_UNREACHABLE_CODE = YES;
				CLANG_WARN__DUPLICATE_METHOD_MATCH = YES;
				CODE_SIGN_IDENTITY = "iPhone Developer";
				COPY_PHASE_STRIP = NO;
				DEBUG_INFORMATION_FORMAT = "dwarf-with-dsym";
				ENABLE_NS_ASSERTIONS = NO;
				ENABLE_STRICT_OBJC_MSGSEND = YES;
				GCC_C_LANGUAGE_STANDARD = gnu11;
				GCC_NO_COMMON_BLOCKS = YES;
				GCC_WARN_64_TO_32_BIT_CONVERSION = YES;
				GCC_WARN_ABOUT_RETURN_TYPE = YES_ERROR;
				GCC_WARN_UNDECLARED_SELECTOR = YES;
				GCC_WARN_UNINITIALIZED_AUTOS = YES_AGGRESSIVE;
				GCC_WARN_UNUSED_FUNCTION = YES;
				GCC_WARN_UNUSED_VARIABLE = YES;
				IPHONEOS_DEPLOYMENT_TARGET = 11.1;
				MTL_ENABLE_DEBUG_INFO = NO;
				SDKROOT = iphoneos;
				SWIFT_OPTIMIZATION_LEVEL = "-Owholemodule";
				VALIDATE_PRODUCT = YES;
			};
			name = Release;
		};
		D57CD2D91FD597FC0094C65C /* Debug */ = {
			isa = XCBuildConfiguration;
			buildSettings = {
				ASSETCATALOG_COMPILER_APPICON_NAME = AppIcon;
				CODE_SIGN_STYLE = Automatic;
				DEVELOPMENT_TEAM = YBUVL7AX3C;
				INFOPLIST_FILE = CodeChallenge/Info.plist;
				LD_RUNPATH_SEARCH_PATHS = "$(inherited) @executable_path/Frameworks";
				PRODUCT_BUNDLE_IDENTIFIER = com.dm.CodeChallenge;
				PRODUCT_NAME = "$(TARGET_NAME)";
				SWIFT_VERSION = 4.0;
				TARGETED_DEVICE_FAMILY = "1,2";
			};
			name = Debug;
		};
		D57CD2DA1FD597FC0094C65C /* Release */ = {
			isa = XCBuildConfiguration;
			buildSettings = {
				ASSETCATALOG_COMPILER_APPICON_NAME = AppIcon;
				CODE_SIGN_STYLE = Automatic;
				DEVELOPMENT_TEAM = YBUVL7AX3C;
				INFOPLIST_FILE = CodeChallenge/Info.plist;
				LD_RUNPATH_SEARCH_PATHS = "$(inherited) @executable_path/Frameworks";
				PRODUCT_BUNDLE_IDENTIFIER = com.dm.CodeChallenge;
				PRODUCT_NAME = "$(TARGET_NAME)";
				SWIFT_VERSION = 4.0;
				TARGETED_DEVICE_FAMILY = "1,2";
			};
			name = Release;
		};
/* End XCBuildConfiguration section */

/* Begin XCConfigurationList section */
		D55729181FD6134F008809F8 /* Build configuration list for PBXNativeTarget "CCCore" */ = {
			isa = XCConfigurationList;
			buildConfigurations = (
				D55729191FD6134F008809F8 /* Debug */,
				D557291A1FD6134F008809F8 /* Release */,
			);
			defaultConfigurationIsVisible = 0;
			defaultConfigurationName = Release;
		};
		D57CD2C11FD597FC0094C65C /* Build configuration list for PBXProject "CodeChallenge" */ = {
			isa = XCConfigurationList;
			buildConfigurations = (
				D57CD2D61FD597FC0094C65C /* Debug */,
				D57CD2D71FD597FC0094C65C /* Release */,
			);
			defaultConfigurationIsVisible = 0;
			defaultConfigurationName = Release;
		};
		D57CD2D81FD597FC0094C65C /* Build configuration list for PBXNativeTarget "CodeChallenge" */ = {
			isa = XCConfigurationList;
			buildConfigurations = (
				D57CD2D91FD597FC0094C65C /* Debug */,
				D57CD2DA1FD597FC0094C65C /* Release */,
			);
			defaultConfigurationIsVisible = 0;
			defaultConfigurationName = Release;
		};
/* End XCConfigurationList section */
	};
	rootObject = D57CD2BE1FD597FC0094C65C /* Project object */;
}
